
Microsoft Visual Studio Solution File, Format Version 12.00
# Visual Studio Version 16
VisualStudioVersion = 16.0.32413.511
MinimumVisualStudioVersion = 10.0.40219.1
Project("{FAE04EC0-301F-11D3-BF4B-00C04F79EFBC}") = "sharpsh", "sharpsh\sharpsh.csproj", "{3464B3AA-672A-4DE8-88C0-75D86FB97467}"
EndProject
Global
	GlobalSection(SolutionConfigurationPlatforms) = preSolution
		Debug|Any CPU = Debug|Any CPU
		Debug|x64 = Debug|x64
		Release|Any CPU = Release|Any CPU
		Release|x64 = Release|x64
	EndGlobalSection
	GlobalSection(ProjectConfigurationPlatforms) = postSolution
		{3464B3AA-672A-4DE8-88C0-75D86FB97467}.Debug|Any CPU.ActiveCfg = Debug|Any CPU
		{3464B3AA-672A-4DE8-88C0-75D86FB97467}.Debug|Any CPU.Build.0 = Debug|Any CPU
		{3464B3AA-672A-4DE8-88C0-75D86FB97467}.Debug|x64.ActiveCfg = Debug|x64
		{3464B3AA-672A-4DE8-88C0-75D86FB97467}.Debug|x64.Build.0 = Debug|x64
		{3464B3AA-672A-4DE8-88C0-75D86FB97467}.Release|Any CPU.ActiveCfg = Release|Any CPU
		{3464B3AA-672A-4DE8-88C0-75D86FB97467}.Release|Any CPU.Build.0 = Release|Any CPU
		{3464B3AA-672A-4DE8-88C0-75D86FB97467}.Release|x64.ActiveCfg = Release|x64
		{3464B3AA-672A-4DE8-88C0-75D86FB97467}.Release|x64.Build.0 = Release|x64
	EndGlobalSection
	GlobalSection(SolutionProperties) = preSolution
		HideSolutionNode = FALSE
	EndGlobalSection
	GlobalSection(ExtensibilityGlobals) = postSolution
		SolutionGuid = {4A364B6D-8841-40FB-B7A9-7C5846F41B8E}
	EndGlobalSection
EndGlobal
